
Microsoft Visual Studio Solution File, Format Version 12.00
# Visual Studio Version 17
VisualStudioVersion = 17.6.33829.357
MinimumVisualStudioVersion = 10.0.40219.1
Project("{FAE04EC0-301F-11D3-BF4B-00C04F79EFBC}") = "MSDataSqlClientInstall", "MSDataSqlClientInstall\MSDataSqlClientInstall.csproj", "{05577331-7D36-46E2-B964-5339845EA0FF}"
EndProject
Global
	GlobalSection(SolutionConfigurationPlatforms) = preSolution
		Debug|Any CPU = Debug|Any CPU
		Release|Any CPU = Release|Any CPU
	EndGlobalSection
	GlobalSection(ProjectConfigurationPlatforms) = postSolution
		{05577331-7D36-46E2-B964-5339845EA0FF}.Debug|Any CPU.ActiveCfg = Debug|Any CPU
		{05577331-7D36-46E2-B964-5339845EA0FF}.Debug|Any CPU.Build.0 = Debug|Any CPU
		{05577331-7D36-46E2-B964-5339845EA0FF}.Release|Any CPU.ActiveCfg = Release|Any CPU
		{05577331-7D36-46E2-B964-5339845EA0FF}.Release|Any CPU.Build.0 = Release|Any CPU
	EndGlobalSection
	GlobalSection(SolutionProperties) = preSolution
		HideSolutionNode = FALSE
	EndGlobalSection
	GlobalSection(ExtensibilityGlobals) = postSolution
		SolutionGuid = {EAE2E169-CACD-41D6-A724-0653B22838EE}
	EndGlobalSection
EndGlobal
